// !$*UTF8*$!
{
	archiveVersion = 1;
	classes = {
	};
	objectVersion = 50;
	objects = {

/* Begin PBXBuildFile section */
		178FEF49247AD76E001059E7 /* AppDelegate.swift in Sources */ = {isa = PBXBuildFile; fileRef = 178FEF48247AD76E001059E7 /* AppDelegate.swift */; };
		178FEF4B247AD76E001059E7 /* SceneDelegate.swift in Sources */ = {isa = PBXBuildFile; fileRef = 178FEF4A247AD76E001059E7 /* SceneDelegate.swift */; };
		178FEF4D247AD76E001059E7 /* ContentView.swift in Sources */ = {isa = PBXBuildFile; fileRef = 178FEF4C247AD76E001059E7 /* ContentView.swift */; };
		178FEF4F247AD771001059E7 /* Assets.xcassets in Resources */ = {isa = PBXBuildFile; fileRef = 178FEF4E247AD771001059E7 /* Assets.xcassets */; };
		178FEF55247AD771001059E7 /* LaunchScreen.storyboard in Resources */ = {isa = PBXBuildFile; fileRef = 178FEF53247AD771001059E7 /* LaunchScreen.storyboard */; };
		178FEF5D247AD782001059E7 /* MinesweeperGame.swift in Sources */ = {isa = PBXBuildFile; fileRef = 178FEF5C247AD782001059E7 /* MinesweeperGame.swift */; };
		1797616024823C710053C10B /* AudioFeedback.swift in Sources */ = {isa = PBXBuildFile; fileRef = 1797615F24823C710053C10B /* AudioFeedback.swift */; };
/* End PBXBuildFile section */

/* Begin PBXFileReference section */
		178FEF45247AD76E001059E7 /* Minesweeper.app */ = {isa = PBXFileReference; explicitFileType = wrapper.application; includeInIndex = 0; path = Minesweeper.app; sourceTree = BUILT_PRODUCTS_DIR; };
		178FEF48247AD76E001059E7 /* AppDelegate.swift */ = {isa = PBXFileReference; lastKnownFileType = sourcecode.swift; path = AppDelegate.swift; sourceTree = "<group>"; };
		178FEF4A247AD76E001059E7 /* SceneDelegate.swift */ = {isa = PBXFileReference; lastKnownFileType = sourcecode.swift; path = SceneDelegate.swift; sourceTree = "<group>"; };
		178FEF4C247AD76E001059E7 /* ContentView.swift */ = {isa = PBXFileReference; lastKnownFileType = sourcecode.swift; path = ContentView.swift; sourceTree = "<group>"; };
		178FEF4E247AD771001059E7 /* Assets.xcassets */ = {isa = PBXFileReference; lastKnownFileType = folder.assetcatalog; path = Assets.xcassets; sourceTree = "<group>"; };
		178FEF54247AD771001059E7 /* Base */ = {isa = PBXFileReference; lastKnownFileType = file.storyboard; name = Base; path = Base.lproj/LaunchScreen.storyboard; sourceTree = "<group>"; };
		178FEF56247AD771001059E7 /* Info.plist */ = {isa = PBXFileReference; lastKnownFileType = text.plist.xml; path = Info.plist; sourceTree = "<group>"; };
		178FEF5C247AD782001059E7 /* MinesweeperGame.swift */ = {isa = PBXFileReference; lastKnownFileType = sourcecode.swift; path = MinesweeperGame.swift; sourceTree = "<group>"; };
		1797615F24823C710053C10B /* AudioFeedback.swift */ = {isa = PBXFileReference; lastKnownFileType = sourcecode.swift; path = AudioFeedback.swift; sourceTree = "<group>"; };
		17976161248244CF0053C10B /* Minesweeper.entitlements */ = {isa = PBXFileReference; lastKnownFileType = text.plist.entitlements; path = Minesweeper.entitlements; sourceTree = "<group>"; };
		17E4EAB7247B208E00EF6F93 /* Minesweeper.pxd */ = {isa = PBXFileReference; lastKnownFileType = wrapper; path = Minesweeper.pxd; sourceTree = "<group>"; };
		17E4EABB247B20D900EF6F93 /* Artwork.png */ = {isa = PBXFileReference; lastKnownFileType = image.png; path = Artwork.png; sourceTree = "<group>"; };
		17E4EABD247B22BB00EF6F93 /* README.md */ = {isa = PBXFileReference; lastKnownFileType = net.daringfireball.markdown; path = README.md; sourceTree = "<group>"; };
/* End PBXFileReference section */

/* Begin PBXFrameworksBuildPhase section */
		178FEF42247AD76E001059E7 /* Frameworks */ = {
			isa = PBXFrameworksBuildPhase;
			buildActionMask = 2147483647;
			files = (
			);
			runOnlyForDeploymentPostprocessing = 0;
		};
/* End PBXFrameworksBuildPhase section */

/* Begin PBXGroup section */
		178FEF3C247AD76E001059E7 = {
			isa = PBXGroup;
			children = (
				17E4EABD247B22BB00EF6F93 /* README.md */,
				17E4EAB6247B208E00EF6F93 /* AppIcon */,
				178FEF47247AD76E001059E7 /* Minesweeper */,
				178FEF46247AD76E001059E7 /* Products */,
			);
			sourceTree = "<group>";
		};
		178FEF46247AD76E001059E7 /* Products */ = {
			isa = PBXGroup;
			children = (
				178FEF45247AD76E001059E7 /* Minesweeper.app */,
			);
			name = Products;
			sourceTree = "<group>";
		};
		178FEF47247AD76E001059E7 /* Minesweeper */ = {
			isa = PBXGroup;
			children = (
				178FEF48247AD76E001059E7 /* AppDelegate.swift */,
				178FEF4A247AD76E001059E7 /* SceneDelegate.swift */,
				178FEF4C247AD76E001059E7 /* ContentView.swift */,
				178FEF5C247AD782001059E7 /* MinesweeperGame.swift */,
				1797615F24823C710053C10B /* AudioFeedback.swift */,
				178FEF4E247AD771001059E7 /* Assets.xcassets */,
				178FEF53247AD771001059E7 /* LaunchScreen.storyboard */,
				178FEF56247AD771001059E7 /* Info.plist */,
				17976161248244CF0053C10B /* Minesweeper.entitlements */,
			);
			path = Minesweeper;
			sourceTree = "<group>";
		};
		17E4EAB6247B208E00EF6F93 /* AppIcon */ = {
			isa = PBXGroup;
			children = (
				17E4EAB7247B208E00EF6F93 /* Minesweeper.pxd */,
				17E4EABB247B20D900EF6F93 /* Artwork.png */,
			);
			path = AppIcon;
			sourceTree = "<group>";
		};
/* End PBXGroup section */

/* Begin PBXNativeTarget section */
		178FEF44247AD76E001059E7 /* Minesweeper */ = {
			isa = PBXNativeTarget;
			buildConfigurationList = 178FEF59247AD771001059E7 /* Build configuration list for PBXNativeTarget "Minesweeper" */;
			buildPhases = (
				178FEF41247AD76E001059E7 /* Sources */,
				178FEF42247AD76E001059E7 /* Frameworks */,
				178FEF43247AD76E001059E7 /* Resources */,
			);
			buildRules = (
			);
			dependencies = (
			);
			name = Minesweeper;
			productName = Minesweeper;
			productReference = 178FEF45247AD76E001059E7 /* Minesweeper.app */;
			productType = "com.apple.product-type.application";
		};
/* End PBXNativeTarget section */

/* Begin PBXProject section */
		178FEF3D247AD76E001059E7 /* Project object */ = {
			isa = PBXProject;
			attributes = {
				LastSwiftUpdateCheck = 1150;
				LastUpgradeCheck = 1150;
				ORGANIZATIONNAME = Philipp;
				TargetAttributes = {
					178FEF44247AD76E001059E7 = {
						CreatedOnToolsVersion = 11.5;
					};
				};
			};
			buildConfigurationList = 178FEF40247AD76E001059E7 /* Build configuration list for PBXProject "Minesweeper" */;
			compatibilityVersion = "Xcode 9.3";
			developmentRegion = en;
			hasScannedForEncodings = 0;
			knownRegions = (
				en,
				Base,
			);
			mainGroup = 178FEF3C247AD76E001059E7;
			productRefGroup = 178FEF46247AD76E001059E7 /* Products */;
			projectDirPath = "";
			projectRoot = "";
			targets = (
				178FEF44247AD76E001059E7 /* Minesweeper */,
			);
		};
/* End PBXProject section */

/* Begin PBXResourcesBuildPhase section */
		178FEF43247AD76E001059E7 /* Resources */ = {
			isa = PBXResourcesBuildPhase;
			buildActionMask = 2147483647;
			files = (
				178FEF55247AD771001059E7 /* LaunchScreen.storyboard in Resources */,
				178FEF4F247AD771001059E7 /* Assets.xcassets in Resources */,
			);
			runOnlyForDeploymentPostprocessing = 0;
		};
/* End PBXResourcesBuildPhase section */

/* Begin PBXSourcesBuildPhase section */
		178FEF41247AD76E001059E7 /* Sources */ = {
			isa = PBXSourcesBuildPhase;
			buildActionMask = 2147483647;
			files = (
				178FEF49247AD76E001059E7 /* AppDelegate.swift in Sources */,
				1797616024823C710053C10B /* AudioFeedback.swift in Sources */,
				178FEF4B247AD76E001059E7 /* SceneDelegate.swift in Sources */,
				178FEF5D247AD782001059E7 /* MinesweeperGame.swift in Sources */,
				178FEF4D247AD76E001059E7 /* ContentView.swift in Sources */,
			);
			runOnlyForDeploymentPostprocessing = 0;
		};
/* End PBXSourcesBuildPhase section */

/* Begin PBXVariantGroup section */
		178FEF53247AD771001059E7 /* LaunchScreen.storyboard */ = {
			isa = PBXVariantGroup;
			children = (
				178FEF54247AD771001059E7 /* Base */,
			);
			name = LaunchScreen.storyboard;
			sourceTree = "<group>";
		};
/* End PBXVariantGroup section */

/* Begin XCBuildConfiguration section */
		178FEF57247AD771001059E7 /* Debug */ = {
			isa = XCBuildConfiguration;
			buildSettings = {
				ALWAYS_SEARCH_USER_PATHS = NO;
				CLANG_ANALYZER_NONNULL = YES;
				CLANG_ANALYZER_NUMBER_OBJECT_CONVERSION = YES_AGGRESSIVE;
				CLANG_CXX_LANGUAGE_STANDARD = "gnu++14";
				CLANG_CXX_LIBRARY = "libc++";
				CLANG_ENABLE_MODULES = YES;
				CLANG_ENABLE_OBJC_ARC = YES;
				CLANG_ENABLE_OBJC_WEAK = YES;
				CLANG_WARN_BLOCK_CAPTURE_AUTORELEASING = YES;
				CLANG_WARN_BOOL_CONVERSION = YES;
				CLANG_WARN_COMMA = YES;
				CLANG_WARN_CONSTANT_CONVERSION = YES;
				CLANG_WARN_DEPRECATED_OBJC_IMPLEMENTATIONS = YES;
				CLANG_WARN_DIRECT_OBJC_ISA_USAGE = YES_ERROR;
				CLANG_WARN_DOCUMENTATION_COMMENTS = YES;
				CLANG_WARN_EMPTY_BODY = YES;
				CLANG_WARN_ENUM_CONVERSION = YES;
				CLANG_WARN_INFINITE_RECURSION = YES;
				CLANG_WARN_INT_CONVERSION = YES;
				CLANG_WARN_NON_LITERAL_NULL_CONVERSION = YES;
				CLANG_WARN_OBJC_IMPLICIT_RETAIN_SELF = YES;
				CLANG_WARN_OBJC_LITERAL_CONVERSION = YES;
				CLANG_WARN_OBJC_ROOT_CLASS = YES_ERROR;
				CLANG_WARN_RANGE_LOOP_ANALYSIS = YES;
				CLANG_WARN_STRICT_PROTOTYPES = YES;
				CLANG_WARN_SUSPICIOUS_MOVE = YES;
				CLANG_WARN_UNGUARDED_AVAILABILITY = YES_AGGRESSIVE;
				CLANG_WARN_UNREACHABLE_CODE = YES;
				CLANG_WARN__DUPLICATE_METHOD_MATCH = YES;
				COPY_PHASE_STRIP = NO;
				DEBUG_INFORMATION_FORMAT = dwarf;
				ENABLE_STRICT_OBJC_MSGSEND = YES;
				ENABLE_TESTABILITY = YES;
				GCC_C_LANGUAGE_STANDARD = gnu11;
				GCC_DYNAMIC_NO_PIC = NO;
				GCC_NO_COMMON_BLOCKS = YES;
				GCC_OPTIMIZATION_LEVEL = 0;
				GCC_PREPROCESSOR_DEFINITIONS = (
					"DEBUG=1",
					"$(inherited)",
				);
				GCC_WARN_64_TO_32_BIT_CONVERSION = YES;
				GCC_WARN_ABOUT_RETURN_TYPE = YES_ERROR;
				GCC_WARN_UNDECLARED_SELECTOR = YES;
				GCC_WARN_UNINITIALIZED_AUTOS = YES_AGGRESSIVE;
				GCC_WARN_UNUSED_FUNCTION = YES;
				GCC_WARN_UNUSED_VARIABLE = YES;
				IPHONEOS_DEPLOYMENT_TARGET = 13.5;
				MTL_ENABLE_DEBUG_INFO = INCLUDE_SOURCE;
				MTL_FAST_MATH = YES;
				ONLY_ACTIVE_ARCH = YES;
				SDKROOT = iphoneos;
				SWIFT_ACTIVE_COMPILATION_CONDITIONS = DEBUG;
				SWIFT_OPTIMIZATION_LEVEL = "-Onone";
			};
			name = Debug;
		};
		178FEF58247AD771001059E7 /* Release */ = {
			isa = XCBuildConfiguration;
			buildSettings = {
				ALWAYS_SEARCH_USER_PATHS = NO;
				CLANG_ANALYZER_NONNULL = YES;
				CLANG_ANALYZER_NUMBER_OBJECT_CONVERSION = YES_AGGRESSIVE;
				CLANG_CXX_LANGUAGE_STANDARD = "gnu++14";
				CLANG_CXX_LIBRARY = "libc++";
				CLANG_ENABLE_MODULES = YES;
				CLANG_ENABLE_OBJC_ARC = YES;
				CLANG_ENABLE_OBJC_WEAK = YES;
				CLANG_WARN_BLOCK_CAPTURE_AUTORELEASING = YES;
				CLANG_WARN_BOOL_CONVERSION = YES;
				CLANG_WARN_COMMA = YES;
				CLANG_WARN_CONSTANT_CONVERSION = YES;
				CLANG_WARN_DEPRECATED_OBJC_IMPLEMENTATIONS = YES;
				CLANG_WARN_DIRECT_OBJC_ISA_USAGE = YES_ERROR;
				CLANG_WARN_DOCUMENTATION_COMMENTS = YES;
				CLANG_WARN_EMPTY_BODY = YES;
				CLANG_WARN_ENUM_CONVERSION = YES;
				CLANG_WARN_INFINITE_RECURSION = YES;
				CLANG_WARN_INT_CONVERSION = YES;
				CLANG_WARN_NON_LITERAL_NULL_CONVERSION = YES;
				CLANG_WARN_OBJC_IMPLICIT_RETAIN_SELF = YES;
				CLANG_WARN_OBJC_LITERAL_CONVERSION = YES;
				CLANG_WARN_OBJC_ROOT_CLASS = YES_ERROR;
				CLANG_WARN_RANGE_LOOP_ANALYSIS = YES;
				CLANG_WARN_STRICT_PROTOTYPES = YES;
				CLANG_WARN_SUSPICIOUS_MOVE = YES;
				CLANG_WARN_UNGUARDED_AVAILABILITY = YES_AGGRESSIVE;
				CLANG_WARN_UNREACHABLE_CODE = YES;
				CLANG_WARN__DUPLICATE_METHOD_MATCH = YES;
				COPY_PHASE_STRIP = NO;
				DEBUG_INFORMATION_FORMAT = "dwarf-with-dsym";
				ENABLE_NS_ASSERTIONS = NO;
				ENABLE_STRICT_OBJC_MSGSEND = YES;
				GCC_C_LANGUAGE_STANDARD = gnu11;
				GCC_NO_COMMON_BLOCKS = YES;
				GCC_WARN_64_TO_32_BIT_CONVERSION = YES;
				GCC_WARN_ABOUT_RETURN_TYPE = YES_ERROR;
				GCC_WARN_UNDECLARED_SELECTOR = YES;
				GCC_WARN_UNINITIALIZED_AUTOS = YES_AGGRESSIVE;
				GCC_WARN_UNUSED_FUNCTION = YES;
				GCC_WARN_UNUSED_VARIABLE = YES;
				IPHONEOS_DEPLOYMENT_TARGET = 13.5;
				MTL_ENABLE_DEBUG_INFO = NO;
				MTL_FAST_MATH = YES;
				SDKROOT = iphoneos;
				SWIFT_COMPILATION_MODE = wholemodule;
				SWIFT_OPTIMIZATION_LEVEL = "-O";
				VALIDATE_PRODUCT = YES;
			};
			name = Release;
		};
		178FEF5A247AD771001059E7 /* Debug */ = {
			isa = XCBuildConfiguration;
			buildSettings = {
				ASSETCATALOG_COMPILER_APPICON_NAME = AppIcon;
				CODE_SIGN_ENTITLEMENTS = Minesweeper/Minesweeper.entitlements;
				CODE_SIGN_STYLE = Automatic;
				DEVELOPMENT_TEAM = P8CC95REUG;
				ENABLE_PREVIEWS = YES;
				INFOPLIST_FILE = Minesweeper/Info.plist;
				LD_RUNPATH_SEARCH_PATHS = (
					"$(inherited)",
					"@executable_path/Frameworks",
				);
				PRODUCT_BUNDLE_IDENTIFIER = com.yourcompany.Minesweeper;
				PRODUCT_NAME = "$(TARGET_NAME)";
				SUPPORTS_MACCATALYST = YES;
				SWIFT_VERSION = 5.0;
				TARGETED_DEVICE_FAMILY = "1,2";
			};
			name = Debug;
		};
		178FEF5B247AD771001059E7 /* Release */ = {
			isa = XCBuildConfiguration;
			buildSettings = {
				ASSETCATALOG_COMPILER_APPICON_NAME = AppIcon;
				CODE_SIGN_ENTITLEMENTS = Minesweeper/Minesweeper.entitlements;
				CODE_SIGN_STYLE = Automatic;
				DEVELOPMENT_TEAM = P8CC95REUG;
				ENABLE_PREVIEWS = YES;
				INFOPLIST_FILE = Minesweeper/Info.plist;
				LD_RUNPATH_SEARCH_PATHS = (
					"$(inherited)",
					"@executable_path/Frameworks",
				);
				PRODUCT_BUNDLE_IDENTIFIER = com.yourcompany.Minesweeper;
				PRODUCT_NAME = "$(TARGET_NAME)";
				SUPPORTS_MACCATALYST = YES;
				SWIFT_VERSION = 5.0;
				TARGETED_DEVICE_FAMILY = "1,2";
			};
			name = Release;
		};
/* End XCBuildConfiguration section */

/* Begin XCConfigurationList section */
		178FEF40247AD76E001059E7 /* Build configuration list for PBXProject "Minesweeper" */ = {
			isa = XCConfigurationList;
			buildConfigurations = (
				178FEF57247AD771001059E7 /* Debug */,
				178FEF58247AD771001059E7 /* Release */,
			);
			defaultConfigurationIsVisible = 0;
			defaultConfigurationName = Release;
		};
		178FEF59247AD771001059E7 /* Build configuration list for PBXNativeTarget "Minesweeper" */ = {
			isa = XCConfigurationList;
			buildConfigurations = (
				178FEF5A247AD771001059E7 /* Debug */,
				178FEF5B247AD771001059E7 /* Release */,
			);
			defaultConfigurationIsVisible = 0;
			defaultConfigurationName = Release;
		};
/* End XCConfigurationList section */
	};
	rootObject = 178FEF3D247AD76E001059E7 /* Project object */;
}
